
Microsoft Visual Studio Solution File, Format Version 12.00
# Visual Studio Version 16
VisualStudioVersion = 16.0.30907.101
MinimumVisualStudioVersion = 10.0.40219.1
Project("{FAE04EC0-301F-11D3-BF4B-00C04F79EFBC}") = "Poc.MobileApp.Android", "Poc.MobileApp\Poc.MobileApp.Android\Poc.MobileApp.Android.csproj", "{34097046-0CC5-440D-B2E8-F6FA2D8AE08F}"
EndProject
Project("{9A19103F-16F7-4668-BE54-9A1E7A4F7556}") = "Poc.MobileApp", "Poc.MobileApp\Poc.MobileApp\Poc.MobileApp.csproj", "{457BC497-7045-43A2-8DEC-8E0FE71DF90F}"
EndProject
Project("{9A19103F-16F7-4668-BE54-9A1E7A4F7556}") = "Poc.MobileApp.Domain", "Poc.MobileApp.Domain\Poc.MobileApp.Domain.csproj", "{F4482AE6-74CA-4C94-9676-9FF81B877FB9}"
EndProject
Project("{9A19103F-16F7-4668-BE54-9A1E7A4F7556}") = "Poc.MobileApp.Infra.EF", "Poc.MobileApp.Infra.EF\Poc.MobileApp.Infra.EF.csproj", "{C1B31627-00A8-410E-BCF2-6217496E7209}"
EndProject
Project("{FAE04EC0-301F-11D3-BF4B-00C04F79EFBC}") = "Poc.MobileApp.Infra.Dapper", "Poc.MobileApp.Infra.Dapper\Poc.MobileApp.Infra.Dapper.csproj", "{9AB5C593-9BE1-44B7-95A3-674B27DC22AA}"
EndProject
Global
	GlobalSection(SolutionConfigurationPlatforms) = preSolution
		Debug|Any CPU = Debug|Any CPU
		Release|Any CPU = Release|Any CPU
	EndGlobalSection
	GlobalSection(ProjectConfigurationPlatforms) = postSolution
		{34097046-0CC5-440D-B2E8-F6FA2D8AE08F}.Debug|Any CPU.ActiveCfg = Debug|Any CPU
		{34097046-0CC5-440D-B2E8-F6FA2D8AE08F}.Debug|Any CPU.Build.0 = Debug|Any CPU
		{34097046-0CC5-440D-B2E8-F6FA2D8AE08F}.Debug|Any CPU.Deploy.0 = Debug|Any CPU
		{34097046-0CC5-440D-B2E8-F6FA2D8AE08F}.Release|Any CPU.ActiveCfg = Release|Any CPU
		{34097046-0CC5-440D-B2E8-F6FA2D8AE08F}.Release|Any CPU.Build.0 = Release|Any CPU
		{34097046-0CC5-440D-B2E8-F6FA2D8AE08F}.Release|Any CPU.Deploy.0 = Release|Any CPU
		{457BC497-7045-43A2-8DEC-8E0FE71DF90F}.Debug|Any CPU.ActiveCfg = Debug|Any CPU
		{457BC497-7045-43A2-8DEC-8E0FE71DF90F}.Debug|Any CPU.Build.0 = Debug|Any CPU
		{457BC497-7045-43A2-8DEC-8E0FE71DF90F}.Debug|Any CPU.Deploy.0 = Debug|Any CPU
		{457BC497-7045-43A2-8DEC-8E0FE71DF90F}.Release|Any CPU.ActiveCfg = Release|Any CPU
		{457BC497-7045-43A2-8DEC-8E0FE71DF90F}.Release|Any CPU.Build.0 = Release|Any CPU
		{457BC497-7045-43A2-8DEC-8E0FE71DF90F}.Release|Any CPU.Deploy.0 = Release|Any CPU
		{F4482AE6-74CA-4C94-9676-9FF81B877FB9}.Debug|Any CPU.ActiveCfg = Debug|Any CPU
		{F4482AE6-74CA-4C94-9676-9FF81B877FB9}.Debug|Any CPU.Build.0 = Debug|Any CPU
		{F4482AE6-74CA-4C94-9676-9FF81B877FB9}.Release|Any CPU.ActiveCfg = Release|Any CPU
		{F4482AE6-74CA-4C94-9676-9FF81B877FB9}.Release|Any CPU.Build.0 = Release|Any CPU
		{C1B31627-00A8-410E-BCF2-6217496E7209}.Debug|Any CPU.ActiveCfg = Debug|Any CPU
		{C1B31627-00A8-410E-BCF2-6217496E7209}.Debug|Any CPU.Build.0 = Debug|Any CPU
		{C1B31627-00A8-410E-BCF2-6217496E7209}.Release|Any CPU.ActiveCfg = Release|Any CPU
		{C1B31627-00A8-410E-BCF2-6217496E7209}.Release|Any CPU.Build.0 = Release|Any CPU
		{9AB5C593-9BE1-44B7-95A3-674B27DC22AA}.Debug|Any CPU.ActiveCfg = Debug|Any CPU
		{9AB5C593-9BE1-44B7-95A3-674B27DC22AA}.Debug|Any CPU.Build.0 = Debug|Any CPU
		{9AB5C593-9BE1-44B7-95A3-674B27DC22AA}.Release|Any CPU.ActiveCfg = Release|Any CPU
		{9AB5C593-9BE1-44B7-95A3-674B27DC22AA}.Release|Any CPU.Build.0 = Release|Any CPU
	EndGlobalSection
	GlobalSection(SolutionProperties) = preSolution
		HideSolutionNode = FALSE
	EndGlobalSection
	GlobalSection(ExtensibilityGlobals) = postSolution
		SolutionGuid = {720483EB-8477-4A38-8EA6-A13203C22CA4}
	EndGlobalSection
EndGlobal
