
Microsoft Visual Studio Solution File, Format Version 12.00
# Visual Studio Version 16
VisualStudioVersion = 16.0.30907.101
MinimumVisualStudioVersion = 10.0.40219.1
Project("{FAE04EC0-301F-11D3-BF4B-00C04F79EFBC}") = "Poc.MobileApp.Android", "Poc.MobileApp\Poc.MobileApp.Android\Poc.MobileApp.Android.csproj", "{34097046-0CC5-440D-B2E8-F6FA2D8AE08F}"
EndProject
Project("{9A19103F-16F7-4668-BE54-9A1E7A4F7556}") = "Poc.MobileApp", "Poc.MobileApp\Poc.MobileApp\Poc.MobileApp.csproj", "{457BC497-7045-43A2-8DEC-8E0FE71DF90F}"
EndProject
Project("{9A19103F-16F7-4668-BE54-9A1E7A4F7556}") = "Poc.MobileApp.Domain", "Poc.MobileApp.Domain\Poc.MobileApp.Domain.csproj", "{F4482AE6-74CA-4C94-9676-9FF81B877FB9}"
EndProject
Project("{9A19103F-16F7-4668-BE54-9A1E7A4F7556}") = "Poc.MobileApp.Infra.EF", "Poc.MobileApp.Infra.EF\Poc.MobileApp.Infra.EF.csproj", "{C1B31627-00A8-410E-BCF2-6217496E7209}"
EndProject
Project("{9A19103F-16F7-4668-BE54-9A1E7A4F7556}") = "Poc.MobileApp.Infra.Dapper", "Poc.MobileApp.Infra.Dapper\Poc.MobileApp.Infra.Dapper.csproj", "{9AB5C593-9BE1-44B7-95A3-674B27DC22AA}"
EndProject
Project("{9A19103F-16F7-4668-BE54-9A1E7A4F7556}") = "Poc.MobileApp.Shared", "Poc.MobileApp.Shared\Poc.MobileApp.Shared.csproj", "{D9B27DBF-4121-42B3-9F47-2C9328799C91}"
EndProject
Project("{9A19103F-16F7-4668-BE54-9A1E7A4F7556}") = "Poc.MobileApp.Domain.Test", "Poc.MobileApp.Domain.Test\Poc.MobileApp.Domain.Test.csproj", "{BA5C9968-98E6-4208-BA95-E25E96D973FB}"
EndProject
Project("{2150E333-8FDC-42A3-9474-1A3956D46DE8}") = "mobile", "mobile", "{348F6348-C35E-45DA-904C-0B66170925F8}"
EndProject
Project("{2150E333-8FDC-42A3-9474-1A3956D46DE8}") = "backend", "backend", "{994F80A3-08A7-4AB1-971F-C4E010213F5A}"
EndProject
Project("{2150E333-8FDC-42A3-9474-1A3956D46DE8}") = "domain", "domain", "{5E26191A-9629-422B-8168-8C8E8F484401}"
EndProject
Project("{9A19103F-16F7-4668-BE54-9A1E7A4F7556}") = "Poc.MobileApp.WebApi", "Poc.MobileApp.WebApi\Poc.MobileApp.WebApi.csproj", "{209C48B4-1D3B-4978-8DF6-BC5F5BA6D48B}"
EndProject
Project("{2150E333-8FDC-42A3-9474-1A3956D46DE8}") = "test", "test", "{EF27D589-F25D-42CE-B04C-70AAEC250CC7}"
EndProject
Project("{2150E333-8FDC-42A3-9474-1A3956D46DE8}") = "infra", "infra", "{C3A03C43-8DC1-4466-A808-1823FD40C541}"
EndProject
Project("{FAE04EC0-301F-11D3-BF4B-00C04F79EFBC}") = "Poc.MobileApp.Infra.Http", "Poc.MobileApp.Infra.Http\Poc.MobileApp.Infra.Http.csproj", "{CAE8720D-B67C-4B3E-900D-307A0D9D153D}"
EndProject
Global
	GlobalSection(SolutionConfigurationPlatforms) = preSolution
		Debug|Any CPU = Debug|Any CPU
		Release|Any CPU = Release|Any CPU
	EndGlobalSection
	GlobalSection(ProjectConfigurationPlatforms) = postSolution
		{34097046-0CC5-440D-B2E8-F6FA2D8AE08F}.Debug|Any CPU.ActiveCfg = Debug|Any CPU
		{34097046-0CC5-440D-B2E8-F6FA2D8AE08F}.Debug|Any CPU.Build.0 = Debug|Any CPU
		{34097046-0CC5-440D-B2E8-F6FA2D8AE08F}.Debug|Any CPU.Deploy.0 = Debug|Any CPU
		{34097046-0CC5-440D-B2E8-F6FA2D8AE08F}.Release|Any CPU.ActiveCfg = Release|Any CPU
		{34097046-0CC5-440D-B2E8-F6FA2D8AE08F}.Release|Any CPU.Build.0 = Release|Any CPU
		{34097046-0CC5-440D-B2E8-F6FA2D8AE08F}.Release|Any CPU.Deploy.0 = Release|Any CPU
		{457BC497-7045-43A2-8DEC-8E0FE71DF90F}.Debug|Any CPU.ActiveCfg = Debug|Any CPU
		{457BC497-7045-43A2-8DEC-8E0FE71DF90F}.Debug|Any CPU.Build.0 = Debug|Any CPU
		{457BC497-7045-43A2-8DEC-8E0FE71DF90F}.Debug|Any CPU.Deploy.0 = Debug|Any CPU
		{457BC497-7045-43A2-8DEC-8E0FE71DF90F}.Release|Any CPU.ActiveCfg = Release|Any CPU
		{457BC497-7045-43A2-8DEC-8E0FE71DF90F}.Release|Any CPU.Build.0 = Release|Any CPU
		{457BC497-7045-43A2-8DEC-8E0FE71DF90F}.Release|Any CPU.Deploy.0 = Release|Any CPU
		{F4482AE6-74CA-4C94-9676-9FF81B877FB9}.Debug|Any CPU.ActiveCfg = Debug|Any CPU
		{F4482AE6-74CA-4C94-9676-9FF81B877FB9}.Debug|Any CPU.Build.0 = Debug|Any CPU
		{F4482AE6-74CA-4C94-9676-9FF81B877FB9}.Release|Any CPU.ActiveCfg = Release|Any CPU
		{F4482AE6-74CA-4C94-9676-9FF81B877FB9}.Release|Any CPU.Build.0 = Release|Any CPU
		{C1B31627-00A8-410E-BCF2-6217496E7209}.Debug|Any CPU.ActiveCfg = Debug|Any CPU
		{C1B31627-00A8-410E-BCF2-6217496E7209}.Debug|Any CPU.Build.0 = Debug|Any CPU
		{C1B31627-00A8-410E-BCF2-6217496E7209}.Release|Any CPU.ActiveCfg = Release|Any CPU
		{C1B31627-00A8-410E-BCF2-6217496E7209}.Release|Any CPU.Build.0 = Release|Any CPU
		{9AB5C593-9BE1-44B7-95A3-674B27DC22AA}.Debug|Any CPU.ActiveCfg = Debug|Any CPU
		{9AB5C593-9BE1-44B7-95A3-674B27DC22AA}.Debug|Any CPU.Build.0 = Debug|Any CPU
		{9AB5C593-9BE1-44B7-95A3-674B27DC22AA}.Release|Any CPU.ActiveCfg = Release|Any CPU
		{9AB5C593-9BE1-44B7-95A3-674B27DC22AA}.Release|Any CPU.Build.0 = Release|Any CPU
		{D9B27DBF-4121-42B3-9F47-2C9328799C91}.Debug|Any CPU.ActiveCfg = Debug|Any CPU
		{D9B27DBF-4121-42B3-9F47-2C9328799C91}.Debug|Any CPU.Build.0 = Debug|Any CPU
		{D9B27DBF-4121-42B3-9F47-2C9328799C91}.Release|Any CPU.ActiveCfg = Release|Any CPU
		{D9B27DBF-4121-42B3-9F47-2C9328799C91}.Release|Any CPU.Build.0 = Release|Any CPU
		{BA5C9968-98E6-4208-BA95-E25E96D973FB}.Debug|Any CPU.ActiveCfg = Debug|Any CPU
		{BA5C9968-98E6-4208-BA95-E25E96D973FB}.Debug|Any CPU.Build.0 = Debug|Any CPU
		{BA5C9968-98E6-4208-BA95-E25E96D973FB}.Release|Any CPU.ActiveCfg = Release|Any CPU
		{BA5C9968-98E6-4208-BA95-E25E96D973FB}.Release|Any CPU.Build.0 = Release|Any CPU
		{209C48B4-1D3B-4978-8DF6-BC5F5BA6D48B}.Debug|Any CPU.ActiveCfg = Debug|Any CPU
		{209C48B4-1D3B-4978-8DF6-BC5F5BA6D48B}.Debug|Any CPU.Build.0 = Debug|Any CPU
		{209C48B4-1D3B-4978-8DF6-BC5F5BA6D48B}.Release|Any CPU.ActiveCfg = Release|Any CPU
		{209C48B4-1D3B-4978-8DF6-BC5F5BA6D48B}.Release|Any CPU.Build.0 = Release|Any CPU
		{CAE8720D-B67C-4B3E-900D-307A0D9D153D}.Debug|Any CPU.ActiveCfg = Debug|Any CPU
		{CAE8720D-B67C-4B3E-900D-307A0D9D153D}.Debug|Any CPU.Build.0 = Debug|Any CPU
		{CAE8720D-B67C-4B3E-900D-307A0D9D153D}.Release|Any CPU.ActiveCfg = Release|Any CPU
		{CAE8720D-B67C-4B3E-900D-307A0D9D153D}.Release|Any CPU.Build.0 = Release|Any CPU
	EndGlobalSection
	GlobalSection(SolutionProperties) = preSolution
		HideSolutionNode = FALSE
	EndGlobalSection
	GlobalSection(NestedProjects) = preSolution
		{34097046-0CC5-440D-B2E8-F6FA2D8AE08F} = {348F6348-C35E-45DA-904C-0B66170925F8}
		{457BC497-7045-43A2-8DEC-8E0FE71DF90F} = {348F6348-C35E-45DA-904C-0B66170925F8}
		{F4482AE6-74CA-4C94-9676-9FF81B877FB9} = {5E26191A-9629-422B-8168-8C8E8F484401}
		{C1B31627-00A8-410E-BCF2-6217496E7209} = {C3A03C43-8DC1-4466-A808-1823FD40C541}
		{9AB5C593-9BE1-44B7-95A3-674B27DC22AA} = {C3A03C43-8DC1-4466-A808-1823FD40C541}
		{D9B27DBF-4121-42B3-9F47-2C9328799C91} = {5E26191A-9629-422B-8168-8C8E8F484401}
		{BA5C9968-98E6-4208-BA95-E25E96D973FB} = {EF27D589-F25D-42CE-B04C-70AAEC250CC7}
		{209C48B4-1D3B-4978-8DF6-BC5F5BA6D48B} = {994F80A3-08A7-4AB1-971F-C4E010213F5A}
		{CAE8720D-B67C-4B3E-900D-307A0D9D153D} = {C3A03C43-8DC1-4466-A808-1823FD40C541}
	EndGlobalSection
	GlobalSection(ExtensibilityGlobals) = postSolution
		SolutionGuid = {720483EB-8477-4A38-8EA6-A13203C22CA4}
	EndGlobalSection
EndGlobal
